
Microsoft Visual Studio Solution File, Format Version 12.00
# Visual Studio 15
VisualStudioVersion = 15.0.26124.0
MinimumVisualStudioVersion = 15.0.26124.0
Project("{2150E333-8FDC-42A3-9474-1A3956D46DE8}") = "src", "src", "{A35B1487-BEE4-43FC-B59B-E2AFE1074ADF}"
EndProject
Project("{2150E333-8FDC-42A3-9474-1A3956D46DE8}") = "tests", "tests", "{4A0270C6-3262-4DC8-80C6-8218F3ED370F}"
EndProject
Project("{9A19103F-16F7-4668-BE54-9A1E7A4F7556}") = "TechBasket.DomainService", "src\TechBasket.DomainService\TechBasket.DomainService.csproj", "{5B4F57F7-CC40-4BBC-ADA5-2F7F8D23E62A}"
EndProject
Project("{9A19103F-16F7-4668-BE54-9A1E7A4F7556}") = "TechBasket.DomainService.UnitTests", "tests\TechBasket.DomainService.UnitTests\TechBasket.DomainService.UnitTests.csproj", "{246C383A-5F9B-40E5-AB7A-51DA12146208}"
EndProject
Project("{9A19103F-16F7-4668-BE54-9A1E7A4F7556}") = "TechBasket.Web.UnitTests", "tests\TechBasket.Web.UnitTests\TechBasket.Web.UnitTests.csproj", "{F4D14FB4-66FB-4A50-BA4B-F297D6DC4499}"
EndProject
Global
	GlobalSection(SolutionConfigurationPlatforms) = preSolution
		Debug|Any CPU = Debug|Any CPU
		Debug|x64 = Debug|x64
		Debug|x86 = Debug|x86
		Release|Any CPU = Release|Any CPU
		Release|x64 = Release|x64
		Release|x86 = Release|x86
	EndGlobalSection
	GlobalSection(ProjectConfigurationPlatforms) = postSolution
		{5B4F57F7-CC40-4BBC-ADA5-2F7F8D23E62A}.Debug|Any CPU.ActiveCfg = Debug|Any CPU
		{5B4F57F7-CC40-4BBC-ADA5-2F7F8D23E62A}.Debug|Any CPU.Build.0 = Debug|Any CPU
		{5B4F57F7-CC40-4BBC-ADA5-2F7F8D23E62A}.Debug|x64.ActiveCfg = Debug|Any CPU
		{5B4F57F7-CC40-4BBC-ADA5-2F7F8D23E62A}.Debug|x64.Build.0 = Debug|Any CPU
		{5B4F57F7-CC40-4BBC-ADA5-2F7F8D23E62A}.Debug|x86.ActiveCfg = Debug|Any CPU
		{5B4F57F7-CC40-4BBC-ADA5-2F7F8D23E62A}.Debug|x86.Build.0 = Debug|Any CPU
		{5B4F57F7-CC40-4BBC-ADA5-2F7F8D23E62A}.Release|Any CPU.ActiveCfg = Release|Any CPU
		{5B4F57F7-CC40-4BBC-ADA5-2F7F8D23E62A}.Release|Any CPU.Build.0 = Release|Any CPU
		{5B4F57F7-CC40-4BBC-ADA5-2F7F8D23E62A}.Release|x64.ActiveCfg = Release|Any CPU
		{5B4F57F7-CC40-4BBC-ADA5-2F7F8D23E62A}.Release|x64.Build.0 = Release|Any CPU
		{5B4F57F7-CC40-4BBC-ADA5-2F7F8D23E62A}.Release|x86.ActiveCfg = Release|Any CPU
		{5B4F57F7-CC40-4BBC-ADA5-2F7F8D23E62A}.Release|x86.Build.0 = Release|Any CPU
		{246C383A-5F9B-40E5-AB7A-51DA12146208}.Debug|Any CPU.ActiveCfg = Debug|Any CPU
		{246C383A-5F9B-40E5-AB7A-51DA12146208}.Debug|Any CPU.Build.0 = Debug|Any CPU
		{246C383A-5F9B-40E5-AB7A-51DA12146208}.Debug|x64.ActiveCfg = Debug|Any CPU
		{246C383A-5F9B-40E5-AB7A-51DA12146208}.Debug|x64.Build.0 = Debug|Any CPU
		{246C383A-5F9B-40E5-AB7A-51DA12146208}.Debug|x86.ActiveCfg = Debug|Any CPU
		{246C383A-5F9B-40E5-AB7A-51DA12146208}.Debug|x86.Build.0 = Debug|Any CPU
		{246C383A-5F9B-40E5-AB7A-51DA12146208}.Release|Any CPU.ActiveCfg = Release|Any CPU
		{246C383A-5F9B-40E5-AB7A-51DA12146208}.Release|Any CPU.Build.0 = Release|Any CPU
		{246C383A-5F9B-40E5-AB7A-51DA12146208}.Release|x64.ActiveCfg = Release|Any CPU
		{246C383A-5F9B-40E5-AB7A-51DA12146208}.Release|x64.Build.0 = Release|Any CPU
		{246C383A-5F9B-40E5-AB7A-51DA12146208}.Release|x86.ActiveCfg = Release|Any CPU
		{246C383A-5F9B-40E5-AB7A-51DA12146208}.Release|x86.Build.0 = Release|Any CPU
		{F4D14FB4-66FB-4A50-BA4B-F297D6DC4499}.Debug|Any CPU.ActiveCfg = Debug|Any CPU
		{F4D14FB4-66FB-4A50-BA4B-F297D6DC4499}.Debug|Any CPU.Build.0 = Debug|Any CPU
		{F4D14FB4-66FB-4A50-BA4B-F297D6DC4499}.Debug|x64.ActiveCfg = Debug|Any CPU
		{F4D14FB4-66FB-4A50-BA4B-F297D6DC4499}.Debug|x64.Build.0 = Debug|Any CPU
		{F4D14FB4-66FB-4A50-BA4B-F297D6DC4499}.Debug|x86.ActiveCfg = Debug|Any CPU
		{F4D14FB4-66FB-4A50-BA4B-F297D6DC4499}.Debug|x86.Build.0 = Debug|Any CPU
		{F4D14FB4-66FB-4A50-BA4B-F297D6DC4499}.Release|Any CPU.ActiveCfg = Release|Any CPU
		{F4D14FB4-66FB-4A50-BA4B-F297D6DC4499}.Release|Any CPU.Build.0 = Release|Any CPU
		{F4D14FB4-66FB-4A50-BA4B-F297D6DC4499}.Release|x64.ActiveCfg = Release|Any CPU
		{F4D14FB4-66FB-4A50-BA4B-F297D6DC4499}.Release|x64.Build.0 = Release|Any CPU
		{F4D14FB4-66FB-4A50-BA4B-F297D6DC4499}.Release|x86.ActiveCfg = Release|Any CPU
		{F4D14FB4-66FB-4A50-BA4B-F297D6DC4499}.Release|x86.Build.0 = Release|Any CPU
	EndGlobalSection
	GlobalSection(SolutionProperties) = preSolution
		HideSolutionNode = FALSE
	EndGlobalSection
	GlobalSection(NestedProjects) = preSolution
		{5B4F57F7-CC40-4BBC-ADA5-2F7F8D23E62A} = {A35B1487-BEE4-43FC-B59B-E2AFE1074ADF}
		{246C383A-5F9B-40E5-AB7A-51DA12146208} = {4A0270C6-3262-4DC8-80C6-8218F3ED370F}
		{F4D14FB4-66FB-4A50-BA4B-F297D6DC4499} = {4A0270C6-3262-4DC8-80C6-8218F3ED370F}
	EndGlobalSection
	GlobalSection(ExtensibilityGlobals) = postSolution
		SolutionGuid = {69C5927F-2BF9-4244-8EF8-3399FC4C7ED7}
	EndGlobalSection
EndGlobal
